// !$*UTF8*$!
{
	archiveVersion = 1;
	classes = {
	};
	objectVersion = 56;
	objects = {

/* Begin PBXBuildFile section */
		FD0CEB5C29BB7936004637DD /* UserModel.swift in Sources */ = {isa = PBXBuildFile; fileRef = FD0CEB5B29BB7936004637DD /* UserModel.swift */; };
		FD14BFD629BC666900C030EF /* UserTableViewCell.swift in Sources */ = {isa = PBXBuildFile; fileRef = FD14BFD429BC666900C030EF /* UserTableViewCell.swift */; };
		FD14BFD729BC666900C030EF /* UserTableViewCell.xib in Resources */ = {isa = PBXBuildFile; fileRef = FD14BFD529BC666900C030EF /* UserTableViewCell.xib */; };
		FDE753F929B1E71000895C39 /* AppDelegate.swift in Sources */ = {isa = PBXBuildFile; fileRef = FDE753F829B1E71000895C39 /* AppDelegate.swift */; };
		FDE753FB29B1E71000895C39 /* SceneDelegate.swift in Sources */ = {isa = PBXBuildFile; fileRef = FDE753FA29B1E71000895C39 /* SceneDelegate.swift */; };
		FDE7540229B1E71100895C39 /* Assets.xcassets in Resources */ = {isa = PBXBuildFile; fileRef = FDE7540129B1E71100895C39 /* Assets.xcassets */; };
		FDE7540529B1E71100895C39 /* LaunchScreen.storyboard in Resources */ = {isa = PBXBuildFile; fileRef = FDE7540329B1E71100895C39 /* LaunchScreen.storyboard */; };
		FDE7540E29B1E7F900895C39 /* DummyDataListViewController.swift in Sources */ = {isa = PBXBuildFile; fileRef = FDE7540D29B1E7F900895C39 /* DummyDataListViewController.swift */; };
		FDE7541329B1EA2800895C39 /* ProductTableViewCell.xib in Resources */ = {isa = PBXBuildFile; fileRef = FDE7541129B1EA2800895C39 /* ProductTableViewCell.xib */; };
		FDE7541429B1EA2800895C39 /* ProductTableViewCell.swift in Sources */ = {isa = PBXBuildFile; fileRef = FDE7541229B1EA2800895C39 /* ProductTableViewCell.swift */; };
		FDE7541729B1EA5600895C39 /* ProductModel.swift in Sources */ = {isa = PBXBuildFile; fileRef = FDE7541629B1EA5600895C39 /* ProductModel.swift */; };
		FDE7541A29B1EA7400895C39 /* APIService.swift in Sources */ = {isa = PBXBuildFile; fileRef = FDE7541929B1EA7400895C39 /* APIService.swift */; };
/* End PBXBuildFile section */

/* Begin PBXFileReference section */
		FD0CEB5B29BB7936004637DD /* UserModel.swift */ = {isa = PBXFileReference; lastKnownFileType = sourcecode.swift; path = UserModel.swift; sourceTree = "<group>"; };
		FD14BFD429BC666900C030EF /* UserTableViewCell.swift */ = {isa = PBXFileReference; lastKnownFileType = sourcecode.swift; path = UserTableViewCell.swift; sourceTree = "<group>"; };
		FD14BFD529BC666900C030EF /* UserTableViewCell.xib */ = {isa = PBXFileReference; lastKnownFileType = file.xib; path = UserTableViewCell.xib; sourceTree = "<group>"; };
		FDE753F529B1E71000895C39 /* DummyProducts.app */ = {isa = PBXFileReference; explicitFileType = wrapper.application; includeInIndex = 0; path = DummyProducts.app; sourceTree = BUILT_PRODUCTS_DIR; };
		FDE753F829B1E71000895C39 /* AppDelegate.swift */ = {isa = PBXFileReference; lastKnownFileType = sourcecode.swift; path = AppDelegate.swift; sourceTree = "<group>"; };
		FDE753FA29B1E71000895C39 /* SceneDelegate.swift */ = {isa = PBXFileReference; lastKnownFileType = sourcecode.swift; path = SceneDelegate.swift; sourceTree = "<group>"; };
		FDE7540129B1E71100895C39 /* Assets.xcassets */ = {isa = PBXFileReference; lastKnownFileType = folder.assetcatalog; path = Assets.xcassets; sourceTree = "<group>"; };
		FDE7540429B1E71100895C39 /* Base */ = {isa = PBXFileReference; lastKnownFileType = file.storyboard; name = Base; path = Base.lproj/LaunchScreen.storyboard; sourceTree = "<group>"; };
		FDE7540629B1E71100895C39 /* Info.plist */ = {isa = PBXFileReference; lastKnownFileType = text.plist.xml; path = Info.plist; sourceTree = "<group>"; };
		FDE7540D29B1E7F900895C39 /* DummyDataListViewController.swift */ = {isa = PBXFileReference; lastKnownFileType = sourcecode.swift; path = DummyDataListViewController.swift; sourceTree = "<group>"; };
		FDE7541129B1EA2800895C39 /* ProductTableViewCell.xib */ = {isa = PBXFileReference; fileEncoding = 4; lastKnownFileType = file.xib; path = ProductTableViewCell.xib; sourceTree = "<group>"; };
		FDE7541229B1EA2800895C39 /* ProductTableViewCell.swift */ = {isa = PBXFileReference; fileEncoding = 4; lastKnownFileType = sourcecode.swift; path = ProductTableViewCell.swift; sourceTree = "<group>"; };
		FDE7541629B1EA5600895C39 /* ProductModel.swift */ = {isa = PBXFileReference; fileEncoding = 4; lastKnownFileType = sourcecode.swift; path = ProductModel.swift; sourceTree = "<group>"; };
		FDE7541929B1EA7400895C39 /* APIService.swift */ = {isa = PBXFileReference; fileEncoding = 4; lastKnownFileType = sourcecode.swift; path = APIService.swift; sourceTree = "<group>"; };
/* End PBXFileReference section */

/* Begin PBXFrameworksBuildPhase section */
		FDE753F229B1E71000895C39 /* Frameworks */ = {
			isa = PBXFrameworksBuildPhase;
			buildActionMask = 2147483647;
			files = (
			);
			runOnlyForDeploymentPostprocessing = 0;
		};
/* End PBXFrameworksBuildPhase section */

/* Begin PBXGroup section */
		FDE753EC29B1E71000895C39 = {
			isa = PBXGroup;
			children = (
				FDE753F729B1E71000895C39 /* DummyProducts */,
				FDE753F629B1E71000895C39 /* Products */,
			);
			sourceTree = "<group>";
		};
		FDE753F629B1E71000895C39 /* Products */ = {
			isa = PBXGroup;
			children = (
				FDE753F529B1E71000895C39 /* DummyProducts.app */,
			);
			name = Products;
			sourceTree = "<group>";
		};
		FDE753F729B1E71000895C39 /* DummyProducts */ = {
			isa = PBXGroup;
			children = (
				FDE7541829B1EA6700895C39 /* Services */,
				FDE7541529B1EA4E00895C39 /* Models */,
				FDE7541029B1EA1E00895C39 /* Cells */,
				FDE7540C29B1E7D000895C39 /* Controllers */,
				FDE753F829B1E71000895C39 /* AppDelegate.swift */,
				FDE753FA29B1E71000895C39 /* SceneDelegate.swift */,
				FDE7540129B1E71100895C39 /* Assets.xcassets */,
				FDE7540329B1E71100895C39 /* LaunchScreen.storyboard */,
				FDE7540629B1E71100895C39 /* Info.plist */,
			);
			path = DummyProducts;
			sourceTree = "<group>";
		};
		FDE7540C29B1E7D000895C39 /* Controllers */ = {
			isa = PBXGroup;
			children = (
				FDE7540D29B1E7F900895C39 /* DummyDataListViewController.swift */,
			);
			path = Controllers;
			sourceTree = "<group>";
		};
		FDE7541029B1EA1E00895C39 /* Cells */ = {
			isa = PBXGroup;
			children = (
				FDE7541229B1EA2800895C39 /* ProductTableViewCell.swift */,
				FDE7541129B1EA2800895C39 /* ProductTableViewCell.xib */,
				FD14BFD429BC666900C030EF /* UserTableViewCell.swift */,
				FD14BFD529BC666900C030EF /* UserTableViewCell.xib */,
			);
			path = Cells;
			sourceTree = "<group>";
		};
		FDE7541529B1EA4E00895C39 /* Models */ = {
			isa = PBXGroup;
			children = (
				FDE7541629B1EA5600895C39 /* ProductModel.swift */,
				FD0CEB5B29BB7936004637DD /* UserModel.swift */,
			);
			path = Models;
			sourceTree = "<group>";
		};
		FDE7541829B1EA6700895C39 /* Services */ = {
			isa = PBXGroup;
			children = (
				FDE7541929B1EA7400895C39 /* APIService.swift */,
			);
			path = Services;
			sourceTree = "<group>";
		};
/* End PBXGroup section */

/* Begin PBXNativeTarget section */
		FDE753F429B1E71000895C39 /* DummyProducts */ = {
			isa = PBXNativeTarget;
			buildConfigurationList = FDE7540929B1E71100895C39 /* Build configuration list for PBXNativeTarget "DummyProducts" */;
			buildPhases = (
				FDE753F129B1E71000895C39 /* Sources */,
				FDE753F229B1E71000895C39 /* Frameworks */,
				FDE753F329B1E71000895C39 /* Resources */,
			);
			buildRules = (
			);
			dependencies = (
			);
			name = DummyProducts;
			productName = DummyProducts;
			productReference = FDE753F529B1E71000895C39 /* DummyProducts.app */;
			productType = "com.apple.product-type.application";
		};
/* End PBXNativeTarget section */

/* Begin PBXProject section */
		FDE753ED29B1E71000895C39 /* Project object */ = {
			isa = PBXProject;
			attributes = {
				BuildIndependentTargetsInParallel = 1;
				LastSwiftUpdateCheck = 1420;
				LastUpgradeCheck = 1420;
				TargetAttributes = {
					FDE753F429B1E71000895C39 = {
						CreatedOnToolsVersion = 14.2;
					};
				};
			};
			buildConfigurationList = FDE753F029B1E71000895C39 /* Build configuration list for PBXProject "DummyProducts" */;
			compatibilityVersion = "Xcode 14.0";
			developmentRegion = en;
			hasScannedForEncodings = 0;
			knownRegions = (
				en,
				Base,
			);
			mainGroup = FDE753EC29B1E71000895C39;
			productRefGroup = FDE753F629B1E71000895C39 /* Products */;
			projectDirPath = "";
			projectRoot = "";
			targets = (
				FDE753F429B1E71000895C39 /* DummyProducts */,
			);
		};
/* End PBXProject section */

/* Begin PBXResourcesBuildPhase section */
		FDE753F329B1E71000895C39 /* Resources */ = {
			isa = PBXResourcesBuildPhase;
			buildActionMask = 2147483647;
			files = (
				FD14BFD729BC666900C030EF /* UserTableViewCell.xib in Resources */,
				FDE7540529B1E71100895C39 /* LaunchScreen.storyboard in Resources */,
				FDE7541329B1EA2800895C39 /* ProductTableViewCell.xib in Resources */,
				FDE7540229B1E71100895C39 /* Assets.xcassets in Resources */,
			);
			runOnlyForDeploymentPostprocessing = 0;
		};
/* End PBXResourcesBuildPhase section */

/* Begin PBXSourcesBuildPhase section */
		FDE753F129B1E71000895C39 /* Sources */ = {
			isa = PBXSourcesBuildPhase;
			buildActionMask = 2147483647;
			files = (
				FDE753F929B1E71000895C39 /* AppDelegate.swift in Sources */,
				FD0CEB5C29BB7936004637DD /* UserModel.swift in Sources */,
				FDE7541429B1EA2800895C39 /* ProductTableViewCell.swift in Sources */,
				FDE7540E29B1E7F900895C39 /* DummyDataListViewController.swift in Sources */,
				FD14BFD629BC666900C030EF /* UserTableViewCell.swift in Sources */,
				FDE753FB29B1E71000895C39 /* SceneDelegate.swift in Sources */,
				FDE7541A29B1EA7400895C39 /* APIService.swift in Sources */,
				FDE7541729B1EA5600895C39 /* ProductModel.swift in Sources */,
			);
			runOnlyForDeploymentPostprocessing = 0;
		};
/* End PBXSourcesBuildPhase section */

/* Begin PBXVariantGroup section */
		FDE7540329B1E71100895C39 /* LaunchScreen.storyboard */ = {
			isa = PBXVariantGroup;
			children = (
				FDE7540429B1E71100895C39 /* Base */,
			);
			name = LaunchScreen.storyboard;
			sourceTree = "<group>";
		};
/* End PBXVariantGroup section */

/* Begin XCBuildConfiguration section */
		FDE7540729B1E71100895C39 /* Debug */ = {
			isa = XCBuildConfiguration;
			buildSettings = {
				ALWAYS_SEARCH_USER_PATHS = NO;
				CLANG_ANALYZER_NONNULL = YES;
				CLANG_ANALYZER_NUMBER_OBJECT_CONVERSION = YES_AGGRESSIVE;
				CLANG_CXX_LANGUAGE_STANDARD = "gnu++20";
				CLANG_ENABLE_MODULES = YES;
				CLANG_ENABLE_OBJC_ARC = YES;
				CLANG_ENABLE_OBJC_WEAK = YES;
				CLANG_WARN_BLOCK_CAPTURE_AUTORELEASING = YES;
				CLANG_WARN_BOOL_CONVERSION = YES;
				CLANG_WARN_COMMA = YES;
				CLANG_WARN_CONSTANT_CONVERSION = YES;
				CLANG_WARN_DEPRECATED_OBJC_IMPLEMENTATIONS = YES;
				CLANG_WARN_DIRECT_OBJC_ISA_USAGE = YES_ERROR;
				CLANG_WARN_DOCUMENTATION_COMMENTS = YES;
				CLANG_WARN_EMPTY_BODY = YES;
				CLANG_WARN_ENUM_CONVERSION = YES;
				CLANG_WARN_INFINITE_RECURSION = YES;
				CLANG_WARN_INT_CONVERSION = YES;
				CLANG_WARN_NON_LITERAL_NULL_CONVERSION = YES;
				CLANG_WARN_OBJC_IMPLICIT_RETAIN_SELF = YES;
				CLANG_WARN_OBJC_LITERAL_CONVERSION = YES;
				CLANG_WARN_OBJC_ROOT_CLASS = YES_ERROR;
				CLANG_WARN_QUOTED_INCLUDE_IN_FRAMEWORK_HEADER = YES;
				CLANG_WARN_RANGE_LOOP_ANALYSIS = YES;
				CLANG_WARN_STRICT_PROTOTYPES = YES;
				CLANG_WARN_SUSPICIOUS_MOVE = YES;
				CLANG_WARN_UNGUARDED_AVAILABILITY = YES_AGGRESSIVE;
				CLANG_WARN_UNREACHABLE_CODE = YES;
				CLANG_WARN__DUPLICATE_METHOD_MATCH = YES;
				COPY_PHASE_STRIP = NO;
				DEBUG_INFORMATION_FORMAT = dwarf;
				ENABLE_STRICT_OBJC_MSGSEND = YES;
				ENABLE_TESTABILITY = YES;
				GCC_C_LANGUAGE_STANDARD = gnu11;
				GCC_DYNAMIC_NO_PIC = NO;
				GCC_NO_COMMON_BLOCKS = YES;
				GCC_OPTIMIZATION_LEVEL = 0;
				GCC_PREPROCESSOR_DEFINITIONS = (
					"DEBUG=1",
					"$(inherited)",
				);
				GCC_WARN_64_TO_32_BIT_CONVERSION = YES;
				GCC_WARN_ABOUT_RETURN_TYPE = YES_ERROR;
				GCC_WARN_UNDECLARED_SELECTOR = YES;
				GCC_WARN_UNINITIALIZED_AUTOS = YES_AGGRESSIVE;
				GCC_WARN_UNUSED_FUNCTION = YES;
				GCC_WARN_UNUSED_VARIABLE = YES;
				IPHONEOS_DEPLOYMENT_TARGET = 16.2;
				MTL_ENABLE_DEBUG_INFO = INCLUDE_SOURCE;
				MTL_FAST_MATH = YES;
				ONLY_ACTIVE_ARCH = YES;
				SDKROOT = iphoneos;
				SWIFT_ACTIVE_COMPILATION_CONDITIONS = DEBUG;
				SWIFT_OPTIMIZATION_LEVEL = "-Onone";
			};
			name = Debug;
		};
		FDE7540829B1E71100895C39 /* Release */ = {
			isa = XCBuildConfiguration;
			buildSettings = {
				ALWAYS_SEARCH_USER_PATHS = NO;
				CLANG_ANALYZER_NONNULL = YES;
				CLANG_ANALYZER_NUMBER_OBJECT_CONVERSION = YES_AGGRESSIVE;
				CLANG_CXX_LANGUAGE_STANDARD = "gnu++20";
				CLANG_ENABLE_MODULES = YES;
				CLANG_ENABLE_OBJC_ARC = YES;
				CLANG_ENABLE_OBJC_WEAK = YES;
				CLANG_WARN_BLOCK_CAPTURE_AUTORELEASING = YES;
				CLANG_WARN_BOOL_CONVERSION = YES;
				CLANG_WARN_COMMA = YES;
				CLANG_WARN_CONSTANT_CONVERSION = YES;
				CLANG_WARN_DEPRECATED_OBJC_IMPLEMENTATIONS = YES;
				CLANG_WARN_DIRECT_OBJC_ISA_USAGE = YES_ERROR;
				CLANG_WARN_DOCUMENTATION_COMMENTS = YES;
				CLANG_WARN_EMPTY_BODY = YES;
				CLANG_WARN_ENUM_CONVERSION = YES;
				CLANG_WARN_INFINITE_RECURSION = YES;
				CLANG_WARN_INT_CONVERSION = YES;
				CLANG_WARN_NON_LITERAL_NULL_CONVERSION = YES;
				CLANG_WARN_OBJC_IMPLICIT_RETAIN_SELF = YES;
				CLANG_WARN_OBJC_LITERAL_CONVERSION = YES;
				CLANG_WARN_OBJC_ROOT_CLASS = YES_ERROR;
				CLANG_WARN_QUOTED_INCLUDE_IN_FRAMEWORK_HEADER = YES;
				CLANG_WARN_RANGE_LOOP_ANALYSIS = YES;
				CLANG_WARN_STRICT_PROTOTYPES = YES;
				CLANG_WARN_SUSPICIOUS_MOVE = YES;
				CLANG_WARN_UNGUARDED_AVAILABILITY = YES_AGGRESSIVE;
				CLANG_WARN_UNREACHABLE_CODE = YES;
				CLANG_WARN__DUPLICATE_METHOD_MATCH = YES;
				COPY_PHASE_STRIP = NO;
				DEBUG_INFORMATION_FORMAT = "dwarf-with-dsym";
				ENABLE_NS_ASSERTIONS = NO;
				ENABLE_STRICT_OBJC_MSGSEND = YES;
				GCC_C_LANGUAGE_STANDARD = gnu11;
				GCC_NO_COMMON_BLOCKS = YES;
				GCC_WARN_64_TO_32_BIT_CONVERSION = YES;
				GCC_WARN_ABOUT_RETURN_TYPE = YES_ERROR;
				GCC_WARN_UNDECLARED_SELECTOR = YES;
				GCC_WARN_UNINITIALIZED_AUTOS = YES_AGGRESSIVE;
				GCC_WARN_UNUSED_FUNCTION = YES;
				GCC_WARN_UNUSED_VARIABLE = YES;
				IPHONEOS_DEPLOYMENT_TARGET = 16.2;
				MTL_ENABLE_DEBUG_INFO = NO;
				MTL_FAST_MATH = YES;
				SDKROOT = iphoneos;
				SWIFT_COMPILATION_MODE = wholemodule;
				SWIFT_OPTIMIZATION_LEVEL = "-O";
				VALIDATE_PRODUCT = YES;
			};
			name = Release;
		};
		FDE7540A29B1E71100895C39 /* Debug */ = {
			isa = XCBuildConfiguration;
			buildSettings = {
				ASSETCATALOG_COMPILER_APPICON_NAME = AppIcon;
				ASSETCATALOG_COMPILER_GLOBAL_ACCENT_COLOR_NAME = AccentColor;
				CODE_SIGN_STYLE = Automatic;
				CURRENT_PROJECT_VERSION = 1;
				DEVELOPMENT_TEAM = 73KCV296Q9;
				GENERATE_INFOPLIST_FILE = YES;
				INFOPLIST_FILE = DummyProducts/Info.plist;
				INFOPLIST_KEY_UIApplicationSupportsIndirectInputEvents = YES;
				INFOPLIST_KEY_UILaunchStoryboardName = LaunchScreen.storyboard;
				INFOPLIST_KEY_UISupportedInterfaceOrientations_iPad = "UIInterfaceOrientationPortrait UIInterfaceOrientationPortraitUpsideDown UIInterfaceOrientationLandscapeLeft UIInterfaceOrientationLandscapeRight";
				INFOPLIST_KEY_UISupportedInterfaceOrientations_iPhone = "UIInterfaceOrientationPortrait UIInterfaceOrientationLandscapeLeft UIInterfaceOrientationLandscapeRight";
				LD_RUNPATH_SEARCH_PATHS = (
					"$(inherited)",
					"@executable_path/Frameworks",
				);
				MARKETING_VERSION = 1.0;
				PRODUCT_BUNDLE_IDENTIFIER = com.rehnuma.DummyProducts;
				PRODUCT_NAME = "$(TARGET_NAME)";
				SWIFT_EMIT_LOC_STRINGS = YES;
				SWIFT_VERSION = 5.0;
				TARGETED_DEVICE_FAMILY = "1,2";
			};
			name = Debug;
		};
		FDE7540B29B1E71100895C39 /* Release */ = {
			isa = XCBuildConfiguration;
			buildSettings = {
				ASSETCATALOG_COMPILER_APPICON_NAME = AppIcon;
				ASSETCATALOG_COMPILER_GLOBAL_ACCENT_COLOR_NAME = AccentColor;
				CODE_SIGN_STYLE = Automatic;
				CURRENT_PROJECT_VERSION = 1;
				DEVELOPMENT_TEAM = 73KCV296Q9;
				GENERATE_INFOPLIST_FILE = YES;
				INFOPLIST_FILE = DummyProducts/Info.plist;
				INFOPLIST_KEY_UIApplicationSupportsIndirectInputEvents = YES;
				INFOPLIST_KEY_UILaunchStoryboardName = LaunchScreen.storyboard;
				INFOPLIST_KEY_UISupportedInterfaceOrientations_iPad = "UIInterfaceOrientationPortrait UIInterfaceOrientationPortraitUpsideDown UIInterfaceOrientationLandscapeLeft UIInterfaceOrientationLandscapeRight";
				INFOPLIST_KEY_UISupportedInterfaceOrientations_iPhone = "UIInterfaceOrientationPortrait UIInterfaceOrientationLandscapeLeft UIInterfaceOrientationLandscapeRight";
				LD_RUNPATH_SEARCH_PATHS = (
					"$(inherited)",
					"@executable_path/Frameworks",
				);
				MARKETING_VERSION = 1.0;
				PRODUCT_BUNDLE_IDENTIFIER = com.rehnuma.DummyProducts;
				PRODUCT_NAME = "$(TARGET_NAME)";
				SWIFT_EMIT_LOC_STRINGS = YES;
				SWIFT_VERSION = 5.0;
				TARGETED_DEVICE_FAMILY = "1,2";
			};
			name = Release;
		};
/* End XCBuildConfiguration section */

/* Begin XCConfigurationList section */
		FDE753F029B1E71000895C39 /* Build configuration list for PBXProject "DummyProducts" */ = {
			isa = XCConfigurationList;
			buildConfigurations = (
				FDE7540729B1E71100895C39 /* Debug */,
				FDE7540829B1E71100895C39 /* Release */,
			);
			defaultConfigurationIsVisible = 0;
			defaultConfigurationName = Release;
		};
		FDE7540929B1E71100895C39 /* Build configuration list for PBXNativeTarget "DummyProducts" */ = {
			isa = XCConfigurationList;
			buildConfigurations = (
				FDE7540A29B1E71100895C39 /* Debug */,
				FDE7540B29B1E71100895C39 /* Release */,
			);
			defaultConfigurationIsVisible = 0;
			defaultConfigurationName = Release;
		};
/* End XCConfigurationList section */
	};
	rootObject = FDE753ED29B1E71000895C39 /* Project object */;
}
